
Microsoft Visual Studio Solution File, Format Version 12.00
# Visual Studio Version 17
VisualStudioVersion = 17.8.34601.278
MinimumVisualStudioVersion = 10.0.40219.1
Project("{FAE04EC0-301F-11D3-BF4B-00C04F79EFBC}") = "Q01", "Q01.csproj", "{5980A1E9-A066-4499-8E6D-F428BEF0B5BD}"
EndProject
Global
	GlobalSection(SolutionConfigurationPlatforms) = preSolution
		Debug|Any CPU = Debug|Any CPU
		Release|Any CPU = Release|Any CPU
	EndGlobalSection
	GlobalSection(ProjectConfigurationPlatforms) = postSolution
		{5980A1E9-A066-4499-8E6D-F428BEF0B5BD}.Debug|Any CPU.ActiveCfg = Debug|Any CPU
		{5980A1E9-A066-4499-8E6D-F428BEF0B5BD}.Debug|Any CPU.Build.0 = Debug|Any CPU
		{5980A1E9-A066-4499-8E6D-F428BEF0B5BD}.Release|Any CPU.ActiveCfg = Release|Any CPU
		{5980A1E9-A066-4499-8E6D-F428BEF0B5BD}.Release|Any CPU.Build.0 = Release|Any CPU
	EndGlobalSection
	GlobalSection(SolutionProperties) = preSolution
		HideSolutionNode = FALSE
	EndGlobalSection
	GlobalSection(ExtensibilityGlobals) = postSolution
		SolutionGuid = {FFBEA1AB-FA83-4245-95E7-800DD5103A2D}
	EndGlobalSection
EndGlobal
