
Microsoft Visual Studio Solution File, Format Version 12.00
# Visual Studio Version 17
VisualStudioVersion = 17.8.34601.278
MinimumVisualStudioVersion = 10.0.40219.1
Project("{FAE04EC0-301F-11D3-BF4B-00C04F79EFBC}") = "Q03", "Q03.csproj", "{DAFCA372-901F-40A0-82B1-293EA5F18418}"
EndProject
Global
	GlobalSection(SolutionConfigurationPlatforms) = preSolution
		Debug|Any CPU = Debug|Any CPU
		Release|Any CPU = Release|Any CPU
	EndGlobalSection
	GlobalSection(ProjectConfigurationPlatforms) = postSolution
		{DAFCA372-901F-40A0-82B1-293EA5F18418}.Debug|Any CPU.ActiveCfg = Debug|Any CPU
		{DAFCA372-901F-40A0-82B1-293EA5F18418}.Debug|Any CPU.Build.0 = Debug|Any CPU
		{DAFCA372-901F-40A0-82B1-293EA5F18418}.Release|Any CPU.ActiveCfg = Release|Any CPU
		{DAFCA372-901F-40A0-82B1-293EA5F18418}.Release|Any CPU.Build.0 = Release|Any CPU
	EndGlobalSection
	GlobalSection(SolutionProperties) = preSolution
		HideSolutionNode = FALSE
	EndGlobalSection
	GlobalSection(ExtensibilityGlobals) = postSolution
		SolutionGuid = {72001EBD-B25C-4FEA-BA48-6218A6D167D4}
	EndGlobalSection
EndGlobal
