
Microsoft Visual Studio Solution File, Format Version 12.00
# Visual Studio Version 17
VisualStudioVersion = 17.8.34601.278
MinimumVisualStudioVersion = 10.0.40219.1
Project("{FAE04EC0-301F-11D3-BF4B-00C04F79EFBC}") = "Q02", "Q02.csproj", "{D9292C47-D5C4-4E65-9495-ED690683B444}"
EndProject
Global
	GlobalSection(SolutionConfigurationPlatforms) = preSolution
		Debug|Any CPU = Debug|Any CPU
		Release|Any CPU = Release|Any CPU
	EndGlobalSection
	GlobalSection(ProjectConfigurationPlatforms) = postSolution
		{D9292C47-D5C4-4E65-9495-ED690683B444}.Debug|Any CPU.ActiveCfg = Debug|Any CPU
		{D9292C47-D5C4-4E65-9495-ED690683B444}.Debug|Any CPU.Build.0 = Debug|Any CPU
		{D9292C47-D5C4-4E65-9495-ED690683B444}.Release|Any CPU.ActiveCfg = Release|Any CPU
		{D9292C47-D5C4-4E65-9495-ED690683B444}.Release|Any CPU.Build.0 = Release|Any CPU
	EndGlobalSection
	GlobalSection(SolutionProperties) = preSolution
		HideSolutionNode = FALSE
	EndGlobalSection
	GlobalSection(ExtensibilityGlobals) = postSolution
		SolutionGuid = {4F6EE66D-D3F7-4CDC-BAEA-C5D71122D889}
	EndGlobalSection
EndGlobal
